
Microsoft Visual Studio Solution File, Format Version 12.00
# Visual Studio Version 17
VisualStudioVersion = 17.6.33513.286
MinimumVisualStudioVersion = 10.0.40219.1
Project("{FAE04EC0-301F-11D3-BF4B-00C04F79EFBC}") = "TestLoadChildAssebmly", "TestLoadChildAssebmly.csproj", "{8F5022E9-4FF9-435A-8962-8CCD40152F90}"
EndProject
Project("{FAE04EC0-301F-11D3-BF4B-00C04F79EFBC}") = "ChildAssembly", "..\ChildAssembly\ChildAssembly.csproj", "{D956318E-BE9E-4EC1-B680-1A953E18D144}"
EndProject
Global
	GlobalSection(SolutionConfigurationPlatforms) = preSolution
		Debug|Any CPU = Debug|Any CPU
		Release|Any CPU = Release|Any CPU
	EndGlobalSection
	GlobalSection(ProjectConfigurationPlatforms) = postSolution
		{8F5022E9-4FF9-435A-8962-8CCD40152F90}.Debug|Any CPU.ActiveCfg = Debug|Any CPU
		{8F5022E9-4FF9-435A-8962-8CCD40152F90}.Debug|Any CPU.Build.0 = Debug|Any CPU
		{8F5022E9-4FF9-435A-8962-8CCD40152F90}.Release|Any CPU.ActiveCfg = Release|Any CPU
		{8F5022E9-4FF9-435A-8962-8CCD40152F90}.Release|Any CPU.Build.0 = Release|Any CPU
		{D956318E-BE9E-4EC1-B680-1A953E18D144}.Debug|Any CPU.ActiveCfg = Debug|Any CPU
		{D956318E-BE9E-4EC1-B680-1A953E18D144}.Debug|Any CPU.Build.0 = Debug|Any CPU
		{D956318E-BE9E-4EC1-B680-1A953E18D144}.Release|Any CPU.ActiveCfg = Release|Any CPU
		{D956318E-BE9E-4EC1-B680-1A953E18D144}.Release|Any CPU.Build.0 = Release|Any CPU
	EndGlobalSection
	GlobalSection(SolutionProperties) = preSolution
		HideSolutionNode = FALSE
	EndGlobalSection
	GlobalSection(ExtensibilityGlobals) = postSolution
		SolutionGuid = {32793DA5-0E2E-4FED-95C2-087C5370D9AE}
	EndGlobalSection
EndGlobal
