
Microsoft Visual Studio Solution File, Format Version 12.00
# Visual Studio Version 17
VisualStudioVersion = 17.9.34321.82
MinimumVisualStudioVersion = 10.0.40219.1
Project("{9A19103F-16F7-4668-BE54-9A1E7A4F7556}") = "ByteTest", "ByteTest\ByteTest.csproj", "{ED0BF083-5487-4170-B796-FEB6F0C8E05E}"
EndProject
Project("{9A19103F-16F7-4668-BE54-9A1E7A4F7556}") = "ByteTest.Core", "ByteTest.Core\ByteTest.Core.csproj", "{641AA724-52AA-4EC7-A095-3B965878BA84}"
EndProject
Project("{2150E333-8FDC-42A3-9474-1A3956D46DE8}") = "SerializeTest", "SerializeTest", "{CD0029B0-594F-4A29-88B7-DC46FFC700E8}"
EndProject
Project("{2150E333-8FDC-42A3-9474-1A3956D46DE8}") = "SocketTest", "SocketTest", "{E5C7FD9E-D6A0-40BC-9049-5051B10C039A}"
EndProject
Project("{9A19103F-16F7-4668-BE54-9A1E7A4F7556}") = "SocketServer", "SocketServer\SocketServer.csproj", "{508F3EFD-597F-4AF8-A10B-19E230089DE4}"
EndProject
Project("{9A19103F-16F7-4668-BE54-9A1E7A4F7556}") = "SocketClient", "SocketClient\SocketClient.csproj", "{D5B9C6CB-7714-452C-89B2-42E8152BCFE9}"
EndProject
Project("{9A19103F-16F7-4668-BE54-9A1E7A4F7556}") = "SocketDto", "SocketDto\SocketDto.csproj", "{F7BC5315-BCC6-472F-9173-65D5D9227598}"
EndProject
Project("{9A19103F-16F7-4668-BE54-9A1E7A4F7556}") = "SocketCore", "SocketCore\SocketCore.csproj", "{7ACC64C4-43C1-45A7-BE8E-EE992EEDEC21}"
EndProject
Global
	GlobalSection(SolutionConfigurationPlatforms) = preSolution
		Debug|Any CPU = Debug|Any CPU
		Release|Any CPU = Release|Any CPU
	EndGlobalSection
	GlobalSection(ProjectConfigurationPlatforms) = postSolution
		{ED0BF083-5487-4170-B796-FEB6F0C8E05E}.Debug|Any CPU.ActiveCfg = Debug|Any CPU
		{ED0BF083-5487-4170-B796-FEB6F0C8E05E}.Debug|Any CPU.Build.0 = Debug|Any CPU
		{ED0BF083-5487-4170-B796-FEB6F0C8E05E}.Release|Any CPU.ActiveCfg = Release|Any CPU
		{ED0BF083-5487-4170-B796-FEB6F0C8E05E}.Release|Any CPU.Build.0 = Release|Any CPU
		{641AA724-52AA-4EC7-A095-3B965878BA84}.Debug|Any CPU.ActiveCfg = Debug|Any CPU
		{641AA724-52AA-4EC7-A095-3B965878BA84}.Debug|Any CPU.Build.0 = Debug|Any CPU
		{641AA724-52AA-4EC7-A095-3B965878BA84}.Release|Any CPU.ActiveCfg = Release|Any CPU
		{641AA724-52AA-4EC7-A095-3B965878BA84}.Release|Any CPU.Build.0 = Release|Any CPU
		{508F3EFD-597F-4AF8-A10B-19E230089DE4}.Debug|Any CPU.ActiveCfg = Debug|Any CPU
		{508F3EFD-597F-4AF8-A10B-19E230089DE4}.Debug|Any CPU.Build.0 = Debug|Any CPU
		{508F3EFD-597F-4AF8-A10B-19E230089DE4}.Release|Any CPU.ActiveCfg = Release|Any CPU
		{508F3EFD-597F-4AF8-A10B-19E230089DE4}.Release|Any CPU.Build.0 = Release|Any CPU
		{D5B9C6CB-7714-452C-89B2-42E8152BCFE9}.Debug|Any CPU.ActiveCfg = Debug|Any CPU
		{D5B9C6CB-7714-452C-89B2-42E8152BCFE9}.Debug|Any CPU.Build.0 = Debug|Any CPU
		{D5B9C6CB-7714-452C-89B2-42E8152BCFE9}.Release|Any CPU.ActiveCfg = Release|Any CPU
		{D5B9C6CB-7714-452C-89B2-42E8152BCFE9}.Release|Any CPU.Build.0 = Release|Any CPU
		{F7BC5315-BCC6-472F-9173-65D5D9227598}.Debug|Any CPU.ActiveCfg = Debug|Any CPU
		{F7BC5315-BCC6-472F-9173-65D5D9227598}.Debug|Any CPU.Build.0 = Debug|Any CPU
		{F7BC5315-BCC6-472F-9173-65D5D9227598}.Release|Any CPU.ActiveCfg = Release|Any CPU
		{F7BC5315-BCC6-472F-9173-65D5D9227598}.Release|Any CPU.Build.0 = Release|Any CPU
		{7ACC64C4-43C1-45A7-BE8E-EE992EEDEC21}.Debug|Any CPU.ActiveCfg = Debug|Any CPU
		{7ACC64C4-43C1-45A7-BE8E-EE992EEDEC21}.Debug|Any CPU.Build.0 = Debug|Any CPU
		{7ACC64C4-43C1-45A7-BE8E-EE992EEDEC21}.Release|Any CPU.ActiveCfg = Release|Any CPU
		{7ACC64C4-43C1-45A7-BE8E-EE992EEDEC21}.Release|Any CPU.Build.0 = Release|Any CPU
	EndGlobalSection
	GlobalSection(SolutionProperties) = preSolution
		HideSolutionNode = FALSE
	EndGlobalSection
	GlobalSection(NestedProjects) = preSolution
		{ED0BF083-5487-4170-B796-FEB6F0C8E05E} = {CD0029B0-594F-4A29-88B7-DC46FFC700E8}
		{641AA724-52AA-4EC7-A095-3B965878BA84} = {CD0029B0-594F-4A29-88B7-DC46FFC700E8}
		{508F3EFD-597F-4AF8-A10B-19E230089DE4} = {E5C7FD9E-D6A0-40BC-9049-5051B10C039A}
		{D5B9C6CB-7714-452C-89B2-42E8152BCFE9} = {E5C7FD9E-D6A0-40BC-9049-5051B10C039A}
		{F7BC5315-BCC6-472F-9173-65D5D9227598} = {E5C7FD9E-D6A0-40BC-9049-5051B10C039A}
		{7ACC64C4-43C1-45A7-BE8E-EE992EEDEC21} = {E5C7FD9E-D6A0-40BC-9049-5051B10C039A}
	EndGlobalSection
	GlobalSection(ExtensibilityGlobals) = postSolution
		SolutionGuid = {A3D850BD-577A-4400-84EA-E35462BFD8D3}
	EndGlobalSection
EndGlobal
