
Microsoft Visual Studio Solution File, Format Version 12.00
# Visual Studio 14
VisualStudioVersion = 14.0.25420.1
MinimumVisualStudioVersion = 10.0.40219.1
Project("{FAE04EC0-301F-11D3-BF4B-00C04F79EFBC}") = "WorkflowActivitiesSample", "WorkflowActivitiesSample\WorkflowActivitiesSample.csproj", "{8F0D91AE-53FA-430F-B6AC-F48719A4A9E9}"
EndProject
Project("{FAE04EC0-301F-11D3-BF4B-00C04F79EFBC}") = "RPA.Sample.Activities", "RPA.Sample.Activities\RPA.Sample.Activities.csproj", "{AB668BED-F52F-4C5D-90FD-51FFD5D04647}"
EndProject
Project("{FAE04EC0-301F-11D3-BF4B-00C04F79EFBC}") = "MiniRPAWithActivities", "MiniRPAWithActivities\MiniRPAWithActivities.csproj", "{0EFED125-14DC-4748-AAC0-B88FBF9389C9}"
EndProject
Project("{FAE04EC0-301F-11D3-BF4B-00C04F79EFBC}") = "InstallNupkgSample", "InstallNupkgSample\InstallNupkgSample.csproj", "{AF93C9FF-6379-4613-B8EC-7AA1CB57430D}"
EndProject
Global
	GlobalSection(SolutionConfigurationPlatforms) = preSolution
		Debug|Any CPU = Debug|Any CPU
		Debug|x86 = Debug|x86
		Release|Any CPU = Release|Any CPU
		Release|x86 = Release|x86
	EndGlobalSection
	GlobalSection(ProjectConfigurationPlatforms) = postSolution
		{8F0D91AE-53FA-430F-B6AC-F48719A4A9E9}.Debug|Any CPU.ActiveCfg = Debug|x86
		{8F0D91AE-53FA-430F-B6AC-F48719A4A9E9}.Debug|x86.ActiveCfg = Debug|x86
		{8F0D91AE-53FA-430F-B6AC-F48719A4A9E9}.Debug|x86.Build.0 = Debug|x86
		{8F0D91AE-53FA-430F-B6AC-F48719A4A9E9}.Release|Any CPU.ActiveCfg = Release|x86
		{8F0D91AE-53FA-430F-B6AC-F48719A4A9E9}.Release|x86.ActiveCfg = Release|x86
		{8F0D91AE-53FA-430F-B6AC-F48719A4A9E9}.Release|x86.Build.0 = Release|x86
		{AB668BED-F52F-4C5D-90FD-51FFD5D04647}.Debug|Any CPU.ActiveCfg = Debug|Any CPU
		{AB668BED-F52F-4C5D-90FD-51FFD5D04647}.Debug|Any CPU.Build.0 = Debug|Any CPU
		{AB668BED-F52F-4C5D-90FD-51FFD5D04647}.Debug|x86.ActiveCfg = Debug|Any CPU
		{AB668BED-F52F-4C5D-90FD-51FFD5D04647}.Debug|x86.Build.0 = Debug|Any CPU
		{AB668BED-F52F-4C5D-90FD-51FFD5D04647}.Release|Any CPU.ActiveCfg = Release|Any CPU
		{AB668BED-F52F-4C5D-90FD-51FFD5D04647}.Release|Any CPU.Build.0 = Release|Any CPU
		{AB668BED-F52F-4C5D-90FD-51FFD5D04647}.Release|x86.ActiveCfg = Release|Any CPU
		{AB668BED-F52F-4C5D-90FD-51FFD5D04647}.Release|x86.Build.0 = Release|Any CPU
		{0EFED125-14DC-4748-AAC0-B88FBF9389C9}.Debug|Any CPU.ActiveCfg = Debug|Any CPU
		{0EFED125-14DC-4748-AAC0-B88FBF9389C9}.Debug|Any CPU.Build.0 = Debug|Any CPU
		{0EFED125-14DC-4748-AAC0-B88FBF9389C9}.Debug|x86.ActiveCfg = Debug|Any CPU
		{0EFED125-14DC-4748-AAC0-B88FBF9389C9}.Debug|x86.Build.0 = Debug|Any CPU
		{0EFED125-14DC-4748-AAC0-B88FBF9389C9}.Release|Any CPU.ActiveCfg = Release|Any CPU
		{0EFED125-14DC-4748-AAC0-B88FBF9389C9}.Release|Any CPU.Build.0 = Release|Any CPU
		{0EFED125-14DC-4748-AAC0-B88FBF9389C9}.Release|x86.ActiveCfg = Release|Any CPU
		{0EFED125-14DC-4748-AAC0-B88FBF9389C9}.Release|x86.Build.0 = Release|Any CPU
		{AF93C9FF-6379-4613-B8EC-7AA1CB57430D}.Debug|Any CPU.ActiveCfg = Debug|Any CPU
		{AF93C9FF-6379-4613-B8EC-7AA1CB57430D}.Debug|Any CPU.Build.0 = Debug|Any CPU
		{AF93C9FF-6379-4613-B8EC-7AA1CB57430D}.Debug|x86.ActiveCfg = Debug|Any CPU
		{AF93C9FF-6379-4613-B8EC-7AA1CB57430D}.Debug|x86.Build.0 = Debug|Any CPU
		{AF93C9FF-6379-4613-B8EC-7AA1CB57430D}.Release|Any CPU.ActiveCfg = Release|Any CPU
		{AF93C9FF-6379-4613-B8EC-7AA1CB57430D}.Release|Any CPU.Build.0 = Release|Any CPU
		{AF93C9FF-6379-4613-B8EC-7AA1CB57430D}.Release|x86.ActiveCfg = Release|Any CPU
		{AF93C9FF-6379-4613-B8EC-7AA1CB57430D}.Release|x86.Build.0 = Release|Any CPU
	EndGlobalSection
	GlobalSection(SolutionProperties) = preSolution
		HideSolutionNode = FALSE
	EndGlobalSection
EndGlobal
