
Microsoft Visual Studio Solution File, Format Version 12.00
# Visual Studio Version 17
VisualStudioVersion = 17.5.33402.96
MinimumVisualStudioVersion = 10.0.40219.1
Project("{9A19103F-16F7-4668-BE54-9A1E7A4F7556}") = "HelloHook", "HelloHook\HelloHook.csproj", "{D9CA7E91-A729-40E4-B1B5-355828DBE1AD}"
EndProject
Project("{FAE04EC0-301F-11D3-BF4B-00C04F79EFBC}") = "HookDemos.OwnerLibrary", "HookDemos.OwnerLibrary\HookDemos.OwnerLibrary.csproj", "{0D7B4BD1-9700-41D1-AFB7-5040A827D884}"
EndProject
Global
	GlobalSection(SolutionConfigurationPlatforms) = preSolution
		Debug|Any CPU = Debug|Any CPU
		Release|Any CPU = Release|Any CPU
	EndGlobalSection
	GlobalSection(ProjectConfigurationPlatforms) = postSolution
		{D9CA7E91-A729-40E4-B1B5-355828DBE1AD}.Debug|Any CPU.ActiveCfg = Debug|Any CPU
		{D9CA7E91-A729-40E4-B1B5-355828DBE1AD}.Debug|Any CPU.Build.0 = Debug|Any CPU
		{D9CA7E91-A729-40E4-B1B5-355828DBE1AD}.Release|Any CPU.ActiveCfg = Release|Any CPU
		{D9CA7E91-A729-40E4-B1B5-355828DBE1AD}.Release|Any CPU.Build.0 = Release|Any CPU
		{0D7B4BD1-9700-41D1-AFB7-5040A827D884}.Debug|Any CPU.ActiveCfg = Debug|Any CPU
		{0D7B4BD1-9700-41D1-AFB7-5040A827D884}.Debug|Any CPU.Build.0 = Debug|Any CPU
		{0D7B4BD1-9700-41D1-AFB7-5040A827D884}.Release|Any CPU.ActiveCfg = Release|Any CPU
		{0D7B4BD1-9700-41D1-AFB7-5040A827D884}.Release|Any CPU.Build.0 = Release|Any CPU
	EndGlobalSection
	GlobalSection(SolutionProperties) = preSolution
		HideSolutionNode = FALSE
	EndGlobalSection
	GlobalSection(ExtensibilityGlobals) = postSolution
		SolutionGuid = {E7A5CB06-1CF9-43DA-AAD5-6F906B950769}
	EndGlobalSection
EndGlobal
