
Microsoft Visual Studio Solution File, Format Version 12.00
# Visual Studio Version 17
VisualStudioVersion = 17.0.31410.414
MinimumVisualStudioVersion = 10.0.40219.1
Project("{9A19103F-16F7-4668-BE54-9A1E7A4F7556}") = "Messager.Sample", "Messager.Sample\Messager.Sample.csproj", "{0593C1D8-3079-4923-B447-74ED3587CFC8}"
EndProject
Project("{9A19103F-16F7-4668-BE54-9A1E7A4F7556}") = "Messager", "Messager\Messager.csproj", "{A4B76856-2626-47C5-A3F9-6B3E2F53EEAF}"
EndProject
Global
	GlobalSection(SolutionConfigurationPlatforms) = preSolution
		Debug|Any CPU = Debug|Any CPU
		Release|Any CPU = Release|Any CPU
	EndGlobalSection
	GlobalSection(ProjectConfigurationPlatforms) = postSolution
		{0593C1D8-3079-4923-B447-74ED3587CFC8}.Debug|Any CPU.ActiveCfg = Debug|Any CPU
		{0593C1D8-3079-4923-B447-74ED3587CFC8}.Debug|Any CPU.Build.0 = Debug|Any CPU
		{0593C1D8-3079-4923-B447-74ED3587CFC8}.Release|Any CPU.ActiveCfg = Release|Any CPU
		{0593C1D8-3079-4923-B447-74ED3587CFC8}.Release|Any CPU.Build.0 = Release|Any CPU
		{A4B76856-2626-47C5-A3F9-6B3E2F53EEAF}.Debug|Any CPU.ActiveCfg = Debug|Any CPU
		{A4B76856-2626-47C5-A3F9-6B3E2F53EEAF}.Debug|Any CPU.Build.0 = Debug|Any CPU
		{A4B76856-2626-47C5-A3F9-6B3E2F53EEAF}.Release|Any CPU.ActiveCfg = Release|Any CPU
		{A4B76856-2626-47C5-A3F9-6B3E2F53EEAF}.Release|Any CPU.Build.0 = Release|Any CPU
	EndGlobalSection
	GlobalSection(SolutionProperties) = preSolution
		HideSolutionNode = FALSE
	EndGlobalSection
	GlobalSection(ExtensibilityGlobals) = postSolution
		SolutionGuid = {65911EB1-4773-4EF3-ABCB-3554E3554138}
	EndGlobalSection
EndGlobal
