
Microsoft Visual Studio Solution File, Format Version 12.00
# Visual Studio Version 17
VisualStudioVersion = 17.5.33326.253
MinimumVisualStudioVersion = 10.0.40219.1
Project("{9A19103F-16F7-4668-BE54-9A1E7A4F7556}") = "WorkflowTest", "WorkflowTest\WorkflowTest.csproj", "{26490253-2E54-4F74-9A91-50CB6B8CDF32}"
EndProject
Project("{9A19103F-16F7-4668-BE54-9A1E7A4F7556}") = "RPATest", "RPATest\RPATest.csproj", "{94BB6DFD-B0F4-4559-B004-30619B9528A8}"
EndProject
Project("{FAE04EC0-301F-11D3-BF4B-00C04F79EFBC}") = "RAPTest2", "RAPTest2\RAPTest2.csproj", "{ACB54B5B-6A95-41D1-A469-9C423697FAD4}"
EndProject
Global
	GlobalSection(SolutionConfigurationPlatforms) = preSolution
		Debug|Any CPU = Debug|Any CPU
		Release|Any CPU = Release|Any CPU
	EndGlobalSection
	GlobalSection(ProjectConfigurationPlatforms) = postSolution
		{26490253-2E54-4F74-9A91-50CB6B8CDF32}.Debug|Any CPU.ActiveCfg = Debug|Any CPU
		{26490253-2E54-4F74-9A91-50CB6B8CDF32}.Debug|Any CPU.Build.0 = Debug|Any CPU
		{26490253-2E54-4F74-9A91-50CB6B8CDF32}.Release|Any CPU.ActiveCfg = Release|Any CPU
		{26490253-2E54-4F74-9A91-50CB6B8CDF32}.Release|Any CPU.Build.0 = Release|Any CPU
		{94BB6DFD-B0F4-4559-B004-30619B9528A8}.Debug|Any CPU.ActiveCfg = Debug|Any CPU
		{94BB6DFD-B0F4-4559-B004-30619B9528A8}.Debug|Any CPU.Build.0 = Debug|Any CPU
		{94BB6DFD-B0F4-4559-B004-30619B9528A8}.Release|Any CPU.ActiveCfg = Release|Any CPU
		{94BB6DFD-B0F4-4559-B004-30619B9528A8}.Release|Any CPU.Build.0 = Release|Any CPU
		{ACB54B5B-6A95-41D1-A469-9C423697FAD4}.Debug|Any CPU.ActiveCfg = Debug|Any CPU
		{ACB54B5B-6A95-41D1-A469-9C423697FAD4}.Debug|Any CPU.Build.0 = Debug|Any CPU
		{ACB54B5B-6A95-41D1-A469-9C423697FAD4}.Release|Any CPU.ActiveCfg = Release|Any CPU
		{ACB54B5B-6A95-41D1-A469-9C423697FAD4}.Release|Any CPU.Build.0 = Release|Any CPU
	EndGlobalSection
	GlobalSection(SolutionProperties) = preSolution
		HideSolutionNode = FALSE
	EndGlobalSection
	GlobalSection(ExtensibilityGlobals) = postSolution
		SolutionGuid = {64562A2E-E94E-440C-91FA-ED8EED321B03}
	EndGlobalSection
EndGlobal
