
Microsoft Visual Studio Solution File, Format Version 12.00
# Visual Studio Version 16
VisualStudioVersion = 16.0.31321.278
MinimumVisualStudioVersion = 10.0.40219.1
Project("{FAE04EC0-301F-11D3-BF4B-00C04F79EFBC}") = "MvvmCrossDemo", "MvvmCrossDemo.csproj", "{FCD8FDE1-EA45-43E1-ADF7-BD8C3C109A5D}"
EndProject
Global
	GlobalSection(SolutionConfigurationPlatforms) = preSolution
		Debug|Any CPU = Debug|Any CPU
		Release|Any CPU = Release|Any CPU
	EndGlobalSection
	GlobalSection(ProjectConfigurationPlatforms) = postSolution
		{FCD8FDE1-EA45-43E1-ADF7-BD8C3C109A5D}.Debug|Any CPU.ActiveCfg = Debug|Any CPU
		{FCD8FDE1-EA45-43E1-ADF7-BD8C3C109A5D}.Debug|Any CPU.Build.0 = Debug|Any CPU
		{FCD8FDE1-EA45-43E1-ADF7-BD8C3C109A5D}.Release|Any CPU.ActiveCfg = Release|Any CPU
		{FCD8FDE1-EA45-43E1-ADF7-BD8C3C109A5D}.Release|Any CPU.Build.0 = Release|Any CPU
	EndGlobalSection
	GlobalSection(SolutionProperties) = preSolution
		HideSolutionNode = FALSE
	EndGlobalSection
	GlobalSection(ExtensibilityGlobals) = postSolution
		SolutionGuid = {7604858D-126D-4BAB-B475-2E8650CE7165}
	EndGlobalSection
EndGlobal
