
Microsoft Visual Studio Solution File, Format Version 12.00
# Visual Studio Version 17
VisualStudioVersion = 17.3.32714.290
MinimumVisualStudioVersion = 10.0.40219.1
Project("{9A19103F-16F7-4668-BE54-9A1E7A4F7556}") = "RabbitMQSend", "RabbitMQSend\RabbitMQSend.csproj", "{D715F2BD-A0E3-43DB-9655-C7A4D7C877F1}"
EndProject
Project("{FAE04EC0-301F-11D3-BF4B-00C04F79EFBC}") = "RabbitMQReceived", "RabbitMQReceived\RabbitMQReceived.csproj", "{4EC5F8BC-3055-417E-950E-8D719D30C497}"
EndProject
Global
	GlobalSection(SolutionConfigurationPlatforms) = preSolution
		Debug|Any CPU = Debug|Any CPU
		Release|Any CPU = Release|Any CPU
	EndGlobalSection
	GlobalSection(ProjectConfigurationPlatforms) = postSolution
		{D715F2BD-A0E3-43DB-9655-C7A4D7C877F1}.Debug|Any CPU.ActiveCfg = Debug|Any CPU
		{D715F2BD-A0E3-43DB-9655-C7A4D7C877F1}.Debug|Any CPU.Build.0 = Debug|Any CPU
		{D715F2BD-A0E3-43DB-9655-C7A4D7C877F1}.Release|Any CPU.ActiveCfg = Release|Any CPU
		{D715F2BD-A0E3-43DB-9655-C7A4D7C877F1}.Release|Any CPU.Build.0 = Release|Any CPU
		{4EC5F8BC-3055-417E-950E-8D719D30C497}.Debug|Any CPU.ActiveCfg = Debug|Any CPU
		{4EC5F8BC-3055-417E-950E-8D719D30C497}.Debug|Any CPU.Build.0 = Debug|Any CPU
		{4EC5F8BC-3055-417E-950E-8D719D30C497}.Release|Any CPU.ActiveCfg = Release|Any CPU
		{4EC5F8BC-3055-417E-950E-8D719D30C497}.Release|Any CPU.Build.0 = Release|Any CPU
	EndGlobalSection
	GlobalSection(SolutionProperties) = preSolution
		HideSolutionNode = FALSE
	EndGlobalSection
	GlobalSection(ExtensibilityGlobals) = postSolution
		SolutionGuid = {B1C30EDB-6C02-447A-9E6F-FDCC03F2467F}
	EndGlobalSection
EndGlobal
