
Microsoft Visual Studio Solution File, Format Version 12.00
# Visual Studio Version 17
VisualStudioVersion = 17.4.32804.182
MinimumVisualStudioVersion = 10.0.40219.1
Project("{FAE04EC0-301F-11D3-BF4B-00C04F79EFBC}") = "DotNetBrowserDemo", "DotNetBrowserDemo.csproj", "{F6E474CA-8545-423E-A222-EF665FCC00F6}"
EndProject
Global
	GlobalSection(SolutionConfigurationPlatforms) = preSolution
		Debug|Any CPU = Debug|Any CPU
		Release|Any CPU = Release|Any CPU
	EndGlobalSection
	GlobalSection(ProjectConfigurationPlatforms) = postSolution
		{F6E474CA-8545-423E-A222-EF665FCC00F6}.Debug|Any CPU.ActiveCfg = Debug|Any CPU
		{F6E474CA-8545-423E-A222-EF665FCC00F6}.Debug|Any CPU.Build.0 = Debug|Any CPU
		{F6E474CA-8545-423E-A222-EF665FCC00F6}.Release|Any CPU.ActiveCfg = Release|Any CPU
		{F6E474CA-8545-423E-A222-EF665FCC00F6}.Release|Any CPU.Build.0 = Release|Any CPU
	EndGlobalSection
	GlobalSection(SolutionProperties) = preSolution
		HideSolutionNode = FALSE
	EndGlobalSection
	GlobalSection(ExtensibilityGlobals) = postSolution
		SolutionGuid = {7741B2A5-58BE-4D40-B6A3-392B6DE4E6D4}
	EndGlobalSection
EndGlobal
