
Microsoft Visual Studio Solution File, Format Version 12.00
# Visual Studio Version 17
VisualStudioVersion = 17.6.33417.168
MinimumVisualStudioVersion = 10.0.40219.1
Project("{FAE04EC0-301F-11D3-BF4B-00C04F79EFBC}") = "CshaprWithJavascriptDemo", "CshaprWithJavascriptDemo.csproj", "{84CD775A-3754-4A18-9CA5-929ADA2BAE79}"
EndProject
Global
	GlobalSection(SolutionConfigurationPlatforms) = preSolution
		Debug|Any CPU = Debug|Any CPU
		Release|Any CPU = Release|Any CPU
	EndGlobalSection
	GlobalSection(ProjectConfigurationPlatforms) = postSolution
		{84CD775A-3754-4A18-9CA5-929ADA2BAE79}.Debug|Any CPU.ActiveCfg = Debug|Any CPU
		{84CD775A-3754-4A18-9CA5-929ADA2BAE79}.Debug|Any CPU.Build.0 = Debug|Any CPU
		{84CD775A-3754-4A18-9CA5-929ADA2BAE79}.Release|Any CPU.ActiveCfg = Release|Any CPU
		{84CD775A-3754-4A18-9CA5-929ADA2BAE79}.Release|Any CPU.Build.0 = Release|Any CPU
	EndGlobalSection
	GlobalSection(SolutionProperties) = preSolution
		HideSolutionNode = FALSE
	EndGlobalSection
	GlobalSection(ExtensibilityGlobals) = postSolution
		SolutionGuid = {C8A26D99-2A52-43D7-84E3-998DB41DA7A9}
	EndGlobalSection
EndGlobal
