
Microsoft Visual Studio Solution File, Format Version 12.00
# Visual Studio Version 17
VisualStudioVersion = 17.5.33103.201
MinimumVisualStudioVersion = 10.0.40219.1
Project("{FAE04EC0-301F-11D3-BF4B-00C04F79EFBC}") = "RXNetTest", "RXNetTest.csproj", "{B543C0CA-1DAB-4987-8467-128F1285C9EC}"
EndProject
Global
	GlobalSection(SolutionConfigurationPlatforms) = preSolution
		Debug|Any CPU = Debug|Any CPU
		Release|Any CPU = Release|Any CPU
	EndGlobalSection
	GlobalSection(ProjectConfigurationPlatforms) = postSolution
		{B543C0CA-1DAB-4987-8467-128F1285C9EC}.Debug|Any CPU.ActiveCfg = Debug|Any CPU
		{B543C0CA-1DAB-4987-8467-128F1285C9EC}.Debug|Any CPU.Build.0 = Debug|Any CPU
		{B543C0CA-1DAB-4987-8467-128F1285C9EC}.Release|Any CPU.ActiveCfg = Release|Any CPU
		{B543C0CA-1DAB-4987-8467-128F1285C9EC}.Release|Any CPU.Build.0 = Release|Any CPU
	EndGlobalSection
	GlobalSection(SolutionProperties) = preSolution
		HideSolutionNode = FALSE
	EndGlobalSection
	GlobalSection(ExtensibilityGlobals) = postSolution
		SolutionGuid = {A2DAA24F-951A-471D-986A-C7AEE1D1BDB4}
	EndGlobalSection
EndGlobal
