
Microsoft Visual Studio Solution File, Format Version 12.00
# Visual Studio Version 16
VisualStudioVersion = 16.0.31321.278
MinimumVisualStudioVersion = 10.0.40219.1
Project("{FAE04EC0-301F-11D3-BF4B-00C04F79EFBC}") = "CefSharpTest", "CefSharpTest.csproj", "{0330DF75-5B4B-4B23-A019-14DC865528DF}"
EndProject
Project("{FAE04EC0-301F-11D3-BF4B-00C04F79EFBC}") = "EmptyWpfApp", "..\EmptyWpfApp\EmptyWpfApp.csproj", "{D67396A5-8CDD-4094-9701-6927E21934CE}"
EndProject
Global
	GlobalSection(SolutionConfigurationPlatforms) = preSolution
		Debug|Any CPU = Debug|Any CPU
		Release|Any CPU = Release|Any CPU
	EndGlobalSection
	GlobalSection(ProjectConfigurationPlatforms) = postSolution
		{0330DF75-5B4B-4B23-A019-14DC865528DF}.Debug|Any CPU.ActiveCfg = Debug|Any CPU
		{0330DF75-5B4B-4B23-A019-14DC865528DF}.Debug|Any CPU.Build.0 = Debug|Any CPU
		{0330DF75-5B4B-4B23-A019-14DC865528DF}.Release|Any CPU.ActiveCfg = Release|Any CPU
		{0330DF75-5B4B-4B23-A019-14DC865528DF}.Release|Any CPU.Build.0 = Release|Any CPU
		{D67396A5-8CDD-4094-9701-6927E21934CE}.Debug|Any CPU.ActiveCfg = Debug|Any CPU
		{D67396A5-8CDD-4094-9701-6927E21934CE}.Debug|Any CPU.Build.0 = Debug|Any CPU
		{D67396A5-8CDD-4094-9701-6927E21934CE}.Release|Any CPU.ActiveCfg = Release|Any CPU
		{D67396A5-8CDD-4094-9701-6927E21934CE}.Release|Any CPU.Build.0 = Release|Any CPU
	EndGlobalSection
	GlobalSection(SolutionProperties) = preSolution
		HideSolutionNode = FALSE
	EndGlobalSection
	GlobalSection(ExtensibilityGlobals) = postSolution
		SolutionGuid = {C86AE679-6500-4226-AEB1-12658CBE28A2}
	EndGlobalSection
EndGlobal
