
Microsoft Visual Studio Solution File, Format Version 12.00
# Visual Studio Version 16
VisualStudioVersion = 16.0.31321.278
MinimumVisualStudioVersion = 10.0.40219.1
Project("{FAE04EC0-301F-11D3-BF4B-00C04F79EFBC}") = "CefSharpTest", "CefSharpTest.csproj", "{0330DF75-5B4B-4B23-A019-14DC865528DF}"
EndProject
Project("{FAE04EC0-301F-11D3-BF4B-00C04F79EFBC}") = "EmptyWpfApp", "..\EmptyWpfApp\EmptyWpfApp.csproj", "{D67396A5-8CDD-4094-9701-6927E21934CE}"
EndProject
Project("{FAE04EC0-301F-11D3-BF4B-00C04F79EFBC}") = "WpfWithWebView2", "..\WpfWithWebView2\WpfWithWebView2.csproj", "{8E8196D9-5DED-4DE8-94D6-476911E55F96}"
EndProject
Project("{FAE04EC0-301F-11D3-BF4B-00C04F79EFBC}") = "WinformWithGeckofx45", "..\WinformWithGeckofx45\WinformWithGeckofx45.csproj", "{5426A6DC-4A21-43E4-AEED-ADA7B99FEAD3}"
EndProject
Project("{FAE04EC0-301F-11D3-BF4B-00C04F79EFBC}") = "GeckoWpf", "..\GeckoWpf\GeckoWpf.csproj", "{701503F0-5249-487B-9636-93D6C8443B94}"
EndProject
Global
	GlobalSection(SolutionConfigurationPlatforms) = preSolution
		Debug|Any CPU = Debug|Any CPU
		Debug|x86 = Debug|x86
		Release|Any CPU = Release|Any CPU
		Release|x86 = Release|x86
	EndGlobalSection
	GlobalSection(ProjectConfigurationPlatforms) = postSolution
		{0330DF75-5B4B-4B23-A019-14DC865528DF}.Debug|Any CPU.ActiveCfg = Debug|Any CPU
		{0330DF75-5B4B-4B23-A019-14DC865528DF}.Debug|Any CPU.Build.0 = Debug|Any CPU
		{0330DF75-5B4B-4B23-A019-14DC865528DF}.Debug|x86.ActiveCfg = Debug|Any CPU
		{0330DF75-5B4B-4B23-A019-14DC865528DF}.Debug|x86.Build.0 = Debug|Any CPU
		{0330DF75-5B4B-4B23-A019-14DC865528DF}.Release|Any CPU.ActiveCfg = Release|Any CPU
		{0330DF75-5B4B-4B23-A019-14DC865528DF}.Release|Any CPU.Build.0 = Release|Any CPU
		{0330DF75-5B4B-4B23-A019-14DC865528DF}.Release|x86.ActiveCfg = Release|Any CPU
		{0330DF75-5B4B-4B23-A019-14DC865528DF}.Release|x86.Build.0 = Release|Any CPU
		{D67396A5-8CDD-4094-9701-6927E21934CE}.Debug|Any CPU.ActiveCfg = Debug|Any CPU
		{D67396A5-8CDD-4094-9701-6927E21934CE}.Debug|Any CPU.Build.0 = Debug|Any CPU
		{D67396A5-8CDD-4094-9701-6927E21934CE}.Debug|x86.ActiveCfg = Debug|Any CPU
		{D67396A5-8CDD-4094-9701-6927E21934CE}.Debug|x86.Build.0 = Debug|Any CPU
		{D67396A5-8CDD-4094-9701-6927E21934CE}.Release|Any CPU.ActiveCfg = Release|Any CPU
		{D67396A5-8CDD-4094-9701-6927E21934CE}.Release|Any CPU.Build.0 = Release|Any CPU
		{D67396A5-8CDD-4094-9701-6927E21934CE}.Release|x86.ActiveCfg = Release|Any CPU
		{D67396A5-8CDD-4094-9701-6927E21934CE}.Release|x86.Build.0 = Release|Any CPU
		{8E8196D9-5DED-4DE8-94D6-476911E55F96}.Debug|Any CPU.ActiveCfg = Debug|Any CPU
		{8E8196D9-5DED-4DE8-94D6-476911E55F96}.Debug|Any CPU.Build.0 = Debug|Any CPU
		{8E8196D9-5DED-4DE8-94D6-476911E55F96}.Debug|x86.ActiveCfg = Debug|Any CPU
		{8E8196D9-5DED-4DE8-94D6-476911E55F96}.Debug|x86.Build.0 = Debug|Any CPU
		{8E8196D9-5DED-4DE8-94D6-476911E55F96}.Release|Any CPU.ActiveCfg = Release|Any CPU
		{8E8196D9-5DED-4DE8-94D6-476911E55F96}.Release|Any CPU.Build.0 = Release|Any CPU
		{8E8196D9-5DED-4DE8-94D6-476911E55F96}.Release|x86.ActiveCfg = Release|Any CPU
		{8E8196D9-5DED-4DE8-94D6-476911E55F96}.Release|x86.Build.0 = Release|Any CPU
		{5426A6DC-4A21-43E4-AEED-ADA7B99FEAD3}.Debug|Any CPU.ActiveCfg = Debug|Any CPU
		{5426A6DC-4A21-43E4-AEED-ADA7B99FEAD3}.Debug|Any CPU.Build.0 = Debug|Any CPU
		{5426A6DC-4A21-43E4-AEED-ADA7B99FEAD3}.Debug|x86.ActiveCfg = Debug|Any CPU
		{5426A6DC-4A21-43E4-AEED-ADA7B99FEAD3}.Debug|x86.Build.0 = Debug|Any CPU
		{5426A6DC-4A21-43E4-AEED-ADA7B99FEAD3}.Release|Any CPU.ActiveCfg = Release|Any CPU
		{5426A6DC-4A21-43E4-AEED-ADA7B99FEAD3}.Release|Any CPU.Build.0 = Release|Any CPU
		{5426A6DC-4A21-43E4-AEED-ADA7B99FEAD3}.Release|x86.ActiveCfg = Release|Any CPU
		{5426A6DC-4A21-43E4-AEED-ADA7B99FEAD3}.Release|x86.Build.0 = Release|Any CPU
		{701503F0-5249-487B-9636-93D6C8443B94}.Debug|Any CPU.ActiveCfg = Debug|Any CPU
		{701503F0-5249-487B-9636-93D6C8443B94}.Debug|Any CPU.Build.0 = Debug|Any CPU
		{701503F0-5249-487B-9636-93D6C8443B94}.Debug|x86.ActiveCfg = Debug|x86
		{701503F0-5249-487B-9636-93D6C8443B94}.Debug|x86.Build.0 = Debug|x86
		{701503F0-5249-487B-9636-93D6C8443B94}.Release|Any CPU.ActiveCfg = Release|Any CPU
		{701503F0-5249-487B-9636-93D6C8443B94}.Release|Any CPU.Build.0 = Release|Any CPU
		{701503F0-5249-487B-9636-93D6C8443B94}.Release|x86.ActiveCfg = Release|x86
		{701503F0-5249-487B-9636-93D6C8443B94}.Release|x86.Build.0 = Release|x86
	EndGlobalSection
	GlobalSection(SolutionProperties) = preSolution
		HideSolutionNode = FALSE
	EndGlobalSection
	GlobalSection(ExtensibilityGlobals) = postSolution
		SolutionGuid = {C86AE679-6500-4226-AEB1-12658CBE28A2}
	EndGlobalSection
EndGlobal
